// !$*UTF8*$!
{
	archiveVersion = 1;
	classes = {
	};
	objectVersion = 50;
	objects = {

/* Begin PBXBuildFile section */
		11B4A501266F1E6B00C5F0BC /* FrutusApp.swift in Sources */ = {isa = PBXBuildFile; fileRef = 11B4A500266F1E6B00C5F0BC /* FrutusApp.swift */; };
		11B4A503266F1E6C00C5F0BC /* ContentView.swift in Sources */ = {isa = PBXBuildFile; fileRef = 11B4A502266F1E6C00C5F0BC /* ContentView.swift */; };
		11B4A505266F1E7100C5F0BC /* Assets.xcassets in Resources */ = {isa = PBXBuildFile; fileRef = 11B4A504266F1E7100C5F0BC /* Assets.xcassets */; };
		11B4A508266F1E7100C5F0BC /* Preview Assets.xcassets in Resources */ = {isa = PBXBuildFile; fileRef = 11B4A507266F1E7100C5F0BC /* Preview Assets.xcassets */; };
		11B4A516266F289700C5F0BC /* FruitsCardView.swift in Sources */ = {isa = PBXBuildFile; fileRef = 11B4A515266F289700C5F0BC /* FruitsCardView.swift */; };
		11B4A51E266F343400C5F0BC /* StartButtonView.swift in Sources */ = {isa = PBXBuildFile; fileRef = 11B4A51D266F343400C5F0BC /* StartButtonView.swift */; };
		11B4A521266F399500C5F0BC /* OnboardingView.swift in Sources */ = {isa = PBXBuildFile; fileRef = 11B4A520266F399500C5F0BC /* OnboardingView.swift */; };
		11B4A525266FD11800C5F0BC /* FruitsModel.swift in Sources */ = {isa = PBXBuildFile; fileRef = 11B4A524266FD11800C5F0BC /* FruitsModel.swift */; };
		11B4A52A266FD25700C5F0BC /* FruitsData.swift in Sources */ = {isa = PBXBuildFile; fileRef = 11B4A529266FD25700C5F0BC /* FruitsData.swift */; };
		11B4A52E266FDE6400C5F0BC /* FruitsRowView.swift in Sources */ = {isa = PBXBuildFile; fileRef = 11B4A52D266FDE6400C5F0BC /* FruitsRowView.swift */; };
		11B4A536266FE8CF00C5F0BC /* FruitDetailView.swift in Sources */ = {isa = PBXBuildFile; fileRef = 11B4A535266FE8CF00C5F0BC /* FruitDetailView.swift */; };
		11B4A5392670437B00C5F0BC /* FruitHeaderView.swift in Sources */ = {isa = PBXBuildFile; fileRef = 11B4A5382670437B00C5F0BC /* FruitHeaderView.swift */; };
		11B4A53C2670476700C5F0BC /* SourceLinkView.swift in Sources */ = {isa = PBXBuildFile; fileRef = 11B4A53B2670476700C5F0BC /* SourceLinkView.swift */; };
		11B4A53F26704B8400C5F0BC /* FruitsNutrientsView.swift in Sources */ = {isa = PBXBuildFile; fileRef = 11B4A53E26704B8300C5F0BC /* FruitsNutrientsView.swift */; };
		11B4A54226705A9200C5F0BC /* SettingsView.swift in Sources */ = {isa = PBXBuildFile; fileRef = 11B4A54126705A9200C5F0BC /* SettingsView.swift */; };
		11B4A545267062D600C5F0BC /* SettingsLabelView.swift in Sources */ = {isa = PBXBuildFile; fileRef = 11B4A544267062D600C5F0BC /* SettingsLabelView.swift */; };
		11B4A5482670749E00C5F0BC /* SettingsRowView.swift in Sources */ = {isa = PBXBuildFile; fileRef = 11B4A5472670749E00C5F0BC /* SettingsRowView.swift */; };
/* End PBXBuildFile section */

/* Begin PBXFileReference section */
		11B4A4FD266F1E6B00C5F0BC /* Frutus.app */ = {isa = PBXFileReference; explicitFileType = wrapper.application; includeInIndex = 0; path = Frutus.app; sourceTree = BUILT_PRODUCTS_DIR; };
		11B4A500266F1E6B00C5F0BC /* FrutusApp.swift */ = {isa = PBXFileReference; lastKnownFileType = sourcecode.swift; path = FrutusApp.swift; sourceTree = "<group>"; };
		11B4A502266F1E6C00C5F0BC /* ContentView.swift */ = {isa = PBXFileReference; lastKnownFileType = sourcecode.swift; path = ContentView.swift; sourceTree = "<group>"; };
		11B4A504266F1E7100C5F0BC /* Assets.xcassets */ = {isa = PBXFileReference; lastKnownFileType = folder.assetcatalog; path = Assets.xcassets; sourceTree = "<group>"; };
		11B4A507266F1E7100C5F0BC /* Preview Assets.xcassets */ = {isa = PBXFileReference; lastKnownFileType = folder.assetcatalog; path = "Preview Assets.xcassets"; sourceTree = "<group>"; };
		11B4A509266F1E7100C5F0BC /* Info.plist */ = {isa = PBXFileReference; lastKnownFileType = text.plist.xml; path = Info.plist; sourceTree = "<group>"; };
		11B4A515266F289700C5F0BC /* FruitsCardView.swift */ = {isa = PBXFileReference; lastKnownFileType = sourcecode.swift; path = FruitsCardView.swift; sourceTree = "<group>"; };
		11B4A51D266F343400C5F0BC /* StartButtonView.swift */ = {isa = PBXFileReference; lastKnownFileType = sourcecode.swift; path = StartButtonView.swift; sourceTree = "<group>"; };
		11B4A520266F399500C5F0BC /* OnboardingView.swift */ = {isa = PBXFileReference; lastKnownFileType = sourcecode.swift; path = OnboardingView.swift; sourceTree = "<group>"; };
		11B4A524266FD11800C5F0BC /* FruitsModel.swift */ = {isa = PBXFileReference; lastKnownFileType = sourcecode.swift; path = FruitsModel.swift; sourceTree = "<group>"; };
		11B4A529266FD25700C5F0BC /* FruitsData.swift */ = {isa = PBXFileReference; lastKnownFileType = sourcecode.swift; path = FruitsData.swift; sourceTree = "<group>"; };
		11B4A52D266FDE6400C5F0BC /* FruitsRowView.swift */ = {isa = PBXFileReference; lastKnownFileType = sourcecode.swift; path = FruitsRowView.swift; sourceTree = "<group>"; };
		11B4A535266FE8CF00C5F0BC /* FruitDetailView.swift */ = {isa = PBXFileReference; lastKnownFileType = sourcecode.swift; path = FruitDetailView.swift; sourceTree = "<group>"; };
		11B4A5382670437B00C5F0BC /* FruitHeaderView.swift */ = {isa = PBXFileReference; lastKnownFileType = sourcecode.swift; path = FruitHeaderView.swift; sourceTree = "<group>"; };
		11B4A53B2670476700C5F0BC /* SourceLinkView.swift */ = {isa = PBXFileReference; lastKnownFileType = sourcecode.swift; path = SourceLinkView.swift; sourceTree = "<group>"; };
		11B4A53E26704B8300C5F0BC /* FruitsNutrientsView.swift */ = {isa = PBXFileReference; lastKnownFileType = sourcecode.swift; path = FruitsNutrientsView.swift; sourceTree = "<group>"; };
		11B4A54126705A9200C5F0BC /* SettingsView.swift */ = {isa = PBXFileReference; lastKnownFileType = sourcecode.swift; path = SettingsView.swift; sourceTree = "<group>"; };
		11B4A544267062D600C5F0BC /* SettingsLabelView.swift */ = {isa = PBXFileReference; lastKnownFileType = sourcecode.swift; path = SettingsLabelView.swift; sourceTree = "<group>"; };
		11B4A5472670749E00C5F0BC /* SettingsRowView.swift */ = {isa = PBXFileReference; lastKnownFileType = sourcecode.swift; name = SettingsRowView.swift; path = Frutus/App/SettingsRowView.swift; sourceTree = SOURCE_ROOT; };
/* End PBXFileReference section */

/* Begin PBXFrameworksBuildPhase section */
		11B4A4FA266F1E6B00C5F0BC /* Frameworks */ = {
			isa = PBXFrameworksBuildPhase;
			buildActionMask = 2147483647;
			files = (
			);
			runOnlyForDeploymentPostprocessing = 0;
		};
/* End PBXFrameworksBuildPhase section */

/* Begin PBXGroup section */
		11B4A4F4266F1E6B00C5F0BC = {
			isa = PBXGroup;
			children = (
				11B4A4FF266F1E6B00C5F0BC /* Frutus */,
				11B4A4FE266F1E6B00C5F0BC /* Products */,
			);
			sourceTree = "<group>";
		};
		11B4A4FE266F1E6B00C5F0BC /* Products */ = {
			isa = PBXGroup;
			children = (
				11B4A4FD266F1E6B00C5F0BC /* Frutus.app */,
			);
			name = Products;
			sourceTree = "<group>";
		};
		11B4A4FF266F1E6B00C5F0BC /* Frutus */ = {
			isa = PBXGroup;
			children = (
				11B4A528266FD22800C5F0BC /* Data */,
				11B4A523266FD08C00C5F0BC /* Model */,
				11B4A518266F28A300C5F0BC /* View */,
				11B4A512266F280B00C5F0BC /* App */,
				11B4A504266F1E7100C5F0BC /* Assets.xcassets */,
				11B4A509266F1E7100C5F0BC /* Info.plist */,
				11B4A506266F1E7100C5F0BC /* Preview Contents */,
			);
			path = Frutus;
			sourceTree = "<group>";
		};
		11B4A506266F1E7100C5F0BC /* Preview Contents */ = {
			isa = PBXGroup;
			children = (
				11B4A507266F1E7100C5F0BC /* Preview Assets.xcassets */,
			);
			path = "Preview Contents";
			sourceTree = "<group>";
		};
		11B4A512266F280B00C5F0BC /* App */ = {
			isa = PBXGroup;
			children = (
				11B4A500266F1E6B00C5F0BC /* FrutusApp.swift */,
				11B4A502266F1E6C00C5F0BC /* ContentView.swift */,
				11B4A520266F399500C5F0BC /* OnboardingView.swift */,
				11B4A535266FE8CF00C5F0BC /* FruitDetailView.swift */,
				11B4A54126705A9200C5F0BC /* SettingsView.swift */,
			);
			path = App;
			sourceTree = "<group>";
		};
		11B4A518266F28A300C5F0BC /* View */ = {
			isa = PBXGroup;
			children = (
				11B4A5472670749E00C5F0BC /* SettingsRowView.swift */,
				11B4A515266F289700C5F0BC /* FruitsCardView.swift */,
				11B4A51D266F343400C5F0BC /* StartButtonView.swift */,
				11B4A52D266FDE6400C5F0BC /* FruitsRowView.swift */,
				11B4A5382670437B00C5F0BC /* FruitHeaderView.swift */,
				11B4A53B2670476700C5F0BC /* SourceLinkView.swift */,
				11B4A53E26704B8300C5F0BC /* FruitsNutrientsView.swift */,
				11B4A544267062D600C5F0BC /* SettingsLabelView.swift */,
			);
			path = View;
			sourceTree = "<group>";
		};
		11B4A523266FD08C00C5F0BC /* Model */ = {
			isa = PBXGroup;
			children = (
				11B4A524266FD11800C5F0BC /* FruitsModel.swift */,
			);
			path = Model;
			sourceTree = "<group>";
		};
		11B4A528266FD22800C5F0BC /* Data */ = {
			isa = PBXGroup;
			children = (
				11B4A529266FD25700C5F0BC /* FruitsData.swift */,
			);
			path = Data;
			sourceTree = "<group>";
		};
/* End PBXGroup section */

/* Begin PBXNativeTarget section */
		11B4A4FC266F1E6B00C5F0BC /* Frutus */ = {
			isa = PBXNativeTarget;
			buildConfigurationList = 11B4A50C266F1E7100C5F0BC /* Build configuration list for PBXNativeTarget "Frutus" */;
			buildPhases = (
				11B4A4F9266F1E6B00C5F0BC /* Sources */,
				11B4A4FA266F1E6B00C5F0BC /* Frameworks */,
				11B4A4FB266F1E6B00C5F0BC /* Resources */,
			);
			buildRules = (
			);
			dependencies = (
			);
			name = Frutus;
			productName = Frutus;
			productReference = 11B4A4FD266F1E6B00C5F0BC /* Frutus.app */;
			productType = "com.apple.product-type.application";
		};
/* End PBXNativeTarget section */

/* Begin PBXProject section */
		11B4A4F5266F1E6B00C5F0BC /* Project object */ = {
			isa = PBXProject;
			attributes = {
				LastSwiftUpdateCheck = 1240;
				LastUpgradeCheck = 1240;
				TargetAttributes = {
					11B4A4FC266F1E6B00C5F0BC = {
						CreatedOnToolsVersion = 12.4;
					};
				};
			};
			buildConfigurationList = 11B4A4F8266F1E6B00C5F0BC /* Build configuration list for PBXProject "Frutus" */;
			compatibilityVersion = "Xcode 9.3";
			developmentRegion = en;
			hasScannedForEncodings = 0;
			knownRegions = (
				en,
				Base,
			);
			mainGroup = 11B4A4F4266F1E6B00C5F0BC;
			productRefGroup = 11B4A4FE266F1E6B00C5F0BC /* Products */;
			projectDirPath = "";
			projectRoot = "";
			targets = (
				11B4A4FC266F1E6B00C5F0BC /* Frutus */,
			);
		};
/* End PBXProject section */

/* Begin PBXResourcesBuildPhase section */
		11B4A4FB266F1E6B00C5F0BC /* Resources */ = {
			isa = PBXResourcesBuildPhase;
			buildActionMask = 2147483647;
			files = (
				11B4A508266F1E7100C5F0BC /* Preview Assets.xcassets in Resources */,
				11B4A505266F1E7100C5F0BC /* Assets.xcassets in Resources */,
			);
			runOnlyForDeploymentPostprocessing = 0;
		};
/* End PBXResourcesBuildPhase section */

/* Begin PBXSourcesBuildPhase section */
		11B4A4F9266F1E6B00C5F0BC /* Sources */ = {
			isa = PBXSourcesBuildPhase;
			buildActionMask = 2147483647;
			files = (
				11B4A516266F289700C5F0BC /* FruitsCardView.swift in Sources */,
				11B4A53C2670476700C5F0BC /* SourceLinkView.swift in Sources */,
				11B4A5482670749E00C5F0BC /* SettingsRowView.swift in Sources */,
				11B4A51E266F343400C5F0BC /* StartButtonView.swift in Sources */,
				11B4A525266FD11800C5F0BC /* FruitsModel.swift in Sources */,
				11B4A503266F1E6C00C5F0BC /* ContentView.swift in Sources */,
				11B4A536266FE8CF00C5F0BC /* FruitDetailView.swift in Sources */,
				11B4A52A266FD25700C5F0BC /* FruitsData.swift in Sources */,
				11B4A5392670437B00C5F0BC /* FruitHeaderView.swift in Sources */,
				11B4A53F26704B8400C5F0BC /* FruitsNutrientsView.swift in Sources */,
				11B4A521266F399500C5F0BC /* OnboardingView.swift in Sources */,
				11B4A545267062D600C5F0BC /* SettingsLabelView.swift in Sources */,
				11B4A52E266FDE6400C5F0BC /* FruitsRowView.swift in Sources */,
				11B4A501266F1E6B00C5F0BC /* FrutusApp.swift in Sources */,
				11B4A54226705A9200C5F0BC /* SettingsView.swift in Sources */,
			);
			runOnlyForDeploymentPostprocessing = 0;
		};
/* End PBXSourcesBuildPhase section */

/* Begin XCBuildConfiguration section */
		11B4A50A266F1E7100C5F0BC /* Debug */ = {
			isa = XCBuildConfiguration;
			buildSettings = {
				ALWAYS_SEARCH_USER_PATHS = NO;
				CLANG_ANALYZER_NONNULL = YES;
				CLANG_ANALYZER_NUMBER_OBJECT_CONVERSION = YES_AGGRESSIVE;
				CLANG_CXX_LANGUAGE_STANDARD = "gnu++14";
				CLANG_CXX_LIBRARY = "libc++";
				CLANG_ENABLE_MODULES = YES;
				CLANG_ENABLE_OBJC_ARC = YES;
				CLANG_ENABLE_OBJC_WEAK = YES;
				CLANG_WARN_BLOCK_CAPTURE_AUTORELEASING = YES;
				CLANG_WARN_BOOL_CONVERSION = YES;
				CLANG_WARN_COMMA = YES;
				CLANG_WARN_CONSTANT_CONVERSION = YES;
				CLANG_WARN_DEPRECATED_OBJC_IMPLEMENTATIONS = YES;
				CLANG_WARN_DIRECT_OBJC_ISA_USAGE = YES_ERROR;
				CLANG_WARN_DOCUMENTATION_COMMENTS = YES;
				CLANG_WARN_EMPTY_BODY = YES;
				CLANG_WARN_ENUM_CONVERSION = YES;
				CLANG_WARN_INFINITE_RECURSION = YES;
				CLANG_WARN_INT_CONVERSION = YES;
				CLANG_WARN_NON_LITERAL_NULL_CONVERSION = YES;
				CLANG_WARN_OBJC_IMPLICIT_RETAIN_SELF = YES;
				CLANG_WARN_OBJC_LITERAL_CONVERSION = YES;
				CLANG_WARN_OBJC_ROOT_CLASS = YES_ERROR;
				CLANG_WARN_QUOTED_INCLUDE_IN_FRAMEWORK_HEADER = YES;
				CLANG_WARN_RANGE_LOOP_ANALYSIS = YES;
				CLANG_WARN_STRICT_PROTOTYPES = YES;
				CLANG_WARN_SUSPICIOUS_MOVE = YES;
				CLANG_WARN_UNGUARDED_AVAILABILITY = YES_AGGRESSIVE;
				CLANG_WARN_UNREACHABLE_CODE = YES;
				CLANG_WARN__DUPLICATE_METHOD_MATCH = YES;
				COPY_PHASE_STRIP = NO;
				DEBUG_INFORMATION_FORMAT = dwarf;
				ENABLE_STRICT_OBJC_MSGSEND = YES;
				ENABLE_TESTABILITY = YES;
				GCC_C_LANGUAGE_STANDARD = gnu11;
				GCC_DYNAMIC_NO_PIC = NO;
				GCC_NO_COMMON_BLOCKS = YES;
				GCC_OPTIMIZATION_LEVEL = 0;
				GCC_PREPROCESSOR_DEFINITIONS = (
					"DEBUG=1",
					"$(inherited)",
				);
				GCC_WARN_64_TO_32_BIT_CONVERSION = YES;
				GCC_WARN_ABOUT_RETURN_TYPE = YES_ERROR;
				GCC_WARN_UNDECLARED_SELECTOR = YES;
				GCC_WARN_UNINITIALIZED_AUTOS = YES_AGGRESSIVE;
				GCC_WARN_UNUSED_FUNCTION = YES;
				GCC_WARN_UNUSED_VARIABLE = YES;
				IPHONEOS_DEPLOYMENT_TARGET = 14.4;
				MTL_ENABLE_DEBUG_INFO = INCLUDE_SOURCE;
				MTL_FAST_MATH = YES;
				ONLY_ACTIVE_ARCH = YES;
				SDKROOT = iphoneos;
				SWIFT_ACTIVE_COMPILATION_CONDITIONS = DEBUG;
				SWIFT_OPTIMIZATION_LEVEL = "-Onone";
			};
			name = Debug;
		};
		11B4A50B266F1E7100C5F0BC /* Release */ = {
			isa = XCBuildConfiguration;
			buildSettings = {
				ALWAYS_SEARCH_USER_PATHS = NO;
				CLANG_ANALYZER_NONNULL = YES;
				CLANG_ANALYZER_NUMBER_OBJECT_CONVERSION = YES_AGGRESSIVE;
				CLANG_CXX_LANGUAGE_STANDARD = "gnu++14";
				CLANG_CXX_LIBRARY = "libc++";
				CLANG_ENABLE_MODULES = YES;
				CLANG_ENABLE_OBJC_ARC = YES;
				CLANG_ENABLE_OBJC_WEAK = YES;
				CLANG_WARN_BLOCK_CAPTURE_AUTORELEASING = YES;
				CLANG_WARN_BOOL_CONVERSION = YES;
				CLANG_WARN_COMMA = YES;
				CLANG_WARN_CONSTANT_CONVERSION = YES;
				CLANG_WARN_DEPRECATED_OBJC_IMPLEMENTATIONS = YES;
				CLANG_WARN_DIRECT_OBJC_ISA_USAGE = YES_ERROR;
				CLANG_WARN_DOCUMENTATION_COMMENTS = YES;
				CLANG_WARN_EMPTY_BODY = YES;
				CLANG_WARN_ENUM_CONVERSION = YES;
				CLANG_WARN_INFINITE_RECURSION = YES;
				CLANG_WARN_INT_CONVERSION = YES;
				CLANG_WARN_NON_LITERAL_NULL_CONVERSION = YES;
				CLANG_WARN_OBJC_IMPLICIT_RETAIN_SELF = YES;
				CLANG_WARN_OBJC_LITERAL_CONVERSION = YES;
				CLANG_WARN_OBJC_ROOT_CLASS = YES_ERROR;
				CLANG_WARN_QUOTED_INCLUDE_IN_FRAMEWORK_HEADER = YES;
				CLANG_WARN_RANGE_LOOP_ANALYSIS = YES;
				CLANG_WARN_STRICT_PROTOTYPES = YES;
				CLANG_WARN_SUSPICIOUS_MOVE = YES;
				CLANG_WARN_UNGUARDED_AVAILABILITY = YES_AGGRESSIVE;
				CLANG_WARN_UNREACHABLE_CODE = YES;
				CLANG_WARN__DUPLICATE_METHOD_MATCH = YES;
				COPY_PHASE_STRIP = NO;
				DEBUG_INFORMATION_FORMAT = "dwarf-with-dsym";
				ENABLE_NS_ASSERTIONS = NO;
				ENABLE_STRICT_OBJC_MSGSEND = YES;
				GCC_C_LANGUAGE_STANDARD = gnu11;
				GCC_NO_COMMON_BLOCKS = YES;
				GCC_WARN_64_TO_32_BIT_CONVERSION = YES;
				GCC_WARN_ABOUT_RETURN_TYPE = YES_ERROR;
				GCC_WARN_UNDECLARED_SELECTOR = YES;
				GCC_WARN_UNINITIALIZED_AUTOS = YES_AGGRESSIVE;
				GCC_WARN_UNUSED_FUNCTION = YES;
				GCC_WARN_UNUSED_VARIABLE = YES;
				IPHONEOS_DEPLOYMENT_TARGET = 14.4;
				MTL_ENABLE_DEBUG_INFO = NO;
				MTL_FAST_MATH = YES;
				SDKROOT = iphoneos;
				SWIFT_COMPILATION_MODE = wholemodule;
				SWIFT_OPTIMIZATION_LEVEL = "-O";
				VALIDATE_PRODUCT = YES;
			};
			name = Release;
		};
		11B4A50D266F1E7100C5F0BC /* Debug */ = {
			isa = XCBuildConfiguration;
			buildSettings = {
				ASSETCATALOG_COMPILER_APPICON_NAME = AppIcon;
				ASSETCATALOG_COMPILER_GLOBAL_ACCENT_COLOR_NAME = AccentColor;
				CODE_SIGN_STYLE = Automatic;
				DEVELOPMENT_ASSET_PATHS = "Frutus/\"Preview Contents\"";
				ENABLE_PREVIEWS = YES;
				INFOPLIST_FILE = Frutus/Info.plist;
				IPHONEOS_DEPLOYMENT_TARGET = 14.0;
				LD_RUNPATH_SEARCH_PATHS = (
					"$(inherited)",
					"@executable_path/Frameworks",
				);
				PRODUCT_BUNDLE_IDENTIFIER = com.company.Frutus;
				PRODUCT_NAME = "$(TARGET_NAME)";
				SWIFT_VERSION = 5.0;
				TARGETED_DEVICE_FAMILY = "1,2";
			};
			name = Debug;
		};
		11B4A50E266F1E7100C5F0BC /* Release */ = {
			isa = XCBuildConfiguration;
			buildSettings = {
				ASSETCATALOG_COMPILER_APPICON_NAME = AppIcon;
				ASSETCATALOG_COMPILER_GLOBAL_ACCENT_COLOR_NAME = AccentColor;
				CODE_SIGN_STYLE = Automatic;
				DEVELOPMENT_ASSET_PATHS = "Frutus/\"Preview Contents\"";
				ENABLE_PREVIEWS = YES;
				INFOPLIST_FILE = Frutus/Info.plist;
				IPHONEOS_DEPLOYMENT_TARGET = 14.0;
				LD_RUNPATH_SEARCH_PATHS = (
					"$(inherited)",
					"@executable_path/Frameworks",
				);
				PRODUCT_BUNDLE_IDENTIFIER = com.company.Frutus;
				PRODUCT_NAME = "$(TARGET_NAME)";
				SWIFT_VERSION = 5.0;
				TARGETED_DEVICE_FAMILY = "1,2";
			};
			name = Release;
		};
/* End XCBuildConfiguration section */

/* Begin XCConfigurationList section */
		11B4A4F8266F1E6B00C5F0BC /* Build configuration list for PBXProject "Frutus" */ = {
			isa = XCConfigurationList;
			buildConfigurations = (
				11B4A50A266F1E7100C5F0BC /* Debug */,
				11B4A50B266F1E7100C5F0BC /* Release */,
			);
			defaultConfigurationIsVisible = 0;
			defaultConfigurationName = Release;
		};
		11B4A50C266F1E7100C5F0BC /* Build configuration list for PBXNativeTarget "Frutus" */ = {
			isa = XCConfigurationList;
			buildConfigurations = (
				11B4A50D266F1E7100C5F0BC /* Debug */,
				11B4A50E266F1E7100C5F0BC /* Release */,
			);
			defaultConfigurationIsVisible = 0;
			defaultConfigurationName = Release;
		};
/* End XCConfigurationList section */
	};
	rootObject = 11B4A4F5266F1E6B00C5F0BC /* Project object */;
}
